
Microsoft Visual Studio Solution File, Format Version 12.00
# Visual Studio Version 17
VisualStudioVersion = 17.10.35004.147
MinimumVisualStudioVersion = 10.0.40219.1
Project("{8BC9CEB8-8B4A-11D0-8D11-00A0C91BC942}") = "Laboratory Work 2", "Laboratory Work 2\Laboratory Work 2.vcxproj", "{28CF87C5-97A1-4EDD-832A-84165C1808E7}"
EndProject
Global
	GlobalSection(SolutionConfigurationPlatforms) = preSolution
		Debug|x64 = Debug|x64
		Debug|x86 = Debug|x86
		Release|x64 = Release|x64
		Release|x86 = Release|x86
	EndGlobalSection
	GlobalSection(ProjectConfigurationPlatforms) = postSolution
		{28CF87C5-97A1-4EDD-832A-84165C1808E7}.Debug|x64.ActiveCfg = Debug|x64
		{28CF87C5-97A1-4EDD-832A-84165C1808E7}.Debug|x64.Build.0 = Debug|x64
		{28CF87C5-97A1-4EDD-832A-84165C1808E7}.Debug|x86.ActiveCfg = Debug|Win32
		{28CF87C5-97A1-4EDD-832A-84165C1808E7}.Debug|x86.Build.0 = Debug|Win32
		{28CF87C5-97A1-4EDD-832A-84165C1808E7}.Release|x64.ActiveCfg = Release|x64
		{28CF87C5-97A1-4EDD-832A-84165C1808E7}.Release|x64.Build.0 = Release|x64
		{28CF87C5-97A1-4EDD-832A-84165C1808E7}.Release|x86.ActiveCfg = Release|Win32
		{28CF87C5-97A1-4EDD-832A-84165C1808E7}.Release|x86.Build.0 = Release|Win32
	EndGlobalSection
	GlobalSection(SolutionProperties) = preSolution
		HideSolutionNode = FALSE
	EndGlobalSection
	GlobalSection(ExtensibilityGlobals) = postSolution
		SolutionGuid = {FC5A4FC0-9AAA-4346-B97C-6B34880644B8}
	EndGlobalSection
EndGlobal
